
Microsoft Visual Studio Solution File, Format Version 12.00
# Visual Studio Version 16
VisualStudioVersion = 16.0.30503.244
MinimumVisualStudioVersion = 10.0.40219.1
Project("{FAE04EC0-301F-11D3-BF4B-00C04F79EFBC}") = "Trabajo_Practico_N1", "Trabajo_Practico_N1\Trabajo_Practico_N1.csproj", "{68ED85FB-5396-4C9A-9A9F-A61A495EFA54}"
	ProjectSection(ProjectDependencies) = postProject
		{532B4C1F-6CC0-4973-875E-BDC5E43B47EC} = {532B4C1F-6CC0-4973-875E-BDC5E43B47EC}
	EndProjectSection
EndProject
Project("{FAE04EC0-301F-11D3-BF4B-00C04F79EFBC}") = "Entidades", "Entidades\Entidades.csproj", "{532B4C1F-6CC0-4973-875E-BDC5E43B47EC}"
EndProject
Global
	GlobalSection(SolutionConfigurationPlatforms) = preSolution
		Debug|Any CPU = Debug|Any CPU
		Release|Any CPU = Release|Any CPU
	EndGlobalSection
	GlobalSection(ProjectConfigurationPlatforms) = postSolution
		{68ED85FB-5396-4C9A-9A9F-A61A495EFA54}.Debug|Any CPU.ActiveCfg = Debug|Any CPU
		{68ED85FB-5396-4C9A-9A9F-A61A495EFA54}.Debug|Any CPU.Build.0 = Debug|Any CPU
		{68ED85FB-5396-4C9A-9A9F-A61A495EFA54}.Release|Any CPU.ActiveCfg = Release|Any CPU
		{68ED85FB-5396-4C9A-9A9F-A61A495EFA54}.Release|Any CPU.Build.0 = Release|Any CPU
		{532B4C1F-6CC0-4973-875E-BDC5E43B47EC}.Debug|Any CPU.ActiveCfg = Debug|Any CPU
		{532B4C1F-6CC0-4973-875E-BDC5E43B47EC}.Debug|Any CPU.Build.0 = Debug|Any CPU
		{532B4C1F-6CC0-4973-875E-BDC5E43B47EC}.Release|Any CPU.ActiveCfg = Release|Any CPU
		{532B4C1F-6CC0-4973-875E-BDC5E43B47EC}.Release|Any CPU.Build.0 = Release|Any CPU
	EndGlobalSection
	GlobalSection(SolutionProperties) = preSolution
		HideSolutionNode = FALSE
	EndGlobalSection
	GlobalSection(ExtensibilityGlobals) = postSolution
		SolutionGuid = {498E24F1-FDFC-416E-95FB-DDE2BEF09C83}
	EndGlobalSection
EndGlobal
